
Microsoft Visual Studio Solution File, Format Version 12.00
# Visual Studio Version 17
VisualStudioVersion = 17.6.33723.286
MinimumVisualStudioVersion = 10.0.40219.1
Project("{FAE04EC0-301F-11D3-BF4B-00C04F79EFBC}") = "A_Star", "A_Star\A_Star.csproj", "{24B62D11-B10F-4A3B-94B4-8396DA72C170}"
EndProject
Global
	GlobalSection(SolutionConfigurationPlatforms) = preSolution
		Debug|Any CPU = Debug|Any CPU
		Release|Any CPU = Release|Any CPU
	EndGlobalSection
	GlobalSection(ProjectConfigurationPlatforms) = postSolution
		{24B62D11-B10F-4A3B-94B4-8396DA72C170}.Debug|Any CPU.ActiveCfg = Debug|Any CPU
		{24B62D11-B10F-4A3B-94B4-8396DA72C170}.Debug|Any CPU.Build.0 = Debug|Any CPU
		{24B62D11-B10F-4A3B-94B4-8396DA72C170}.Release|Any CPU.ActiveCfg = Release|Any CPU
		{24B62D11-B10F-4A3B-94B4-8396DA72C170}.Release|Any CPU.Build.0 = Release|Any CPU
	EndGlobalSection
	GlobalSection(SolutionProperties) = preSolution
		HideSolutionNode = FALSE
	EndGlobalSection
	GlobalSection(ExtensibilityGlobals) = postSolution
		SolutionGuid = {22568122-7D31-4AF5-82E4-C7E3B6D3E472}
	EndGlobalSection
EndGlobal
